// !$*UTF8*$!
{
	archiveVersion = 1;
	classes = {
	};
	objectVersion = 46;
	objects = {

/* Begin PBXBuildFile section */
		65A3E0C545E00EA94E7E3740 /* GYMExerciseListVCViewModel.m in Sources */ = {isa = PBXBuildFile; fileRef = 65A3E0244098BE99F6A762F8 /* GYMExerciseListVCViewModel.m */; };
		65A3E1327C07787D577A39C6 /* GYMExercise.m in Sources */ = {isa = PBXBuildFile; fileRef = 65A3E840933C5CF27A410878 /* GYMExercise.m */; };
		65A3E2FEC7C6D5DAA8F34CC8 /* GYMWorkoutVCViewModel.m in Sources */ = {isa = PBXBuildFile; fileRef = 65A3E046C3CF52CFDF89BF7D /* GYMWorkoutVCViewModel.m */; };
		65A3E39572F7B662BE29443D /* GYMBaseTableViewController.m in Sources */ = {isa = PBXBuildFile; fileRef = 65A3EB8968AF750B0929C535 /* GYMBaseTableViewController.m */; };
		65A3E3C25E2A0799A24E9ACF /* GYMWorkoutTableViewCell.m in Sources */ = {isa = PBXBuildFile; fileRef = 65A3E1459340633CC9779427 /* GYMWorkoutTableViewCell.m */; };
		65A3E6DEB472DA2449D555AB /* GYMWorkoutViewController.m in Sources */ = {isa = PBXBuildFile; fileRef = 65A3E46307DF2269DF213C2C /* GYMWorkoutViewController.m */; };
		65A3E80E1BDF1E2A0FC094A1 /* GYMExerciseDetailViewController.m in Sources */ = {isa = PBXBuildFile; fileRef = 65A3E8885880FBD8E033A8A8 /* GYMExerciseDetailViewController.m */; };
		65A3E8F68BCEED5CA4897CB9 /* UIColor+GYMColor.m in Sources */ = {isa = PBXBuildFile; fileRef = 65A3ECCB0EB578B4620277B0 /* UIColor+GYMColor.m */; };
		65A3E9C7886E5D7BFAD46BB7 /* GYMExerciseListTableViewCell.m in Sources */ = {isa = PBXBuildFile; fileRef = 65A3E73083F0E47083421CC3 /* GYMExerciseListTableViewCell.m */; };
		65A3EAE57E0CF9548F3FD04B /* GYMExerciseDetailViewModel.m in Sources */ = {isa = PBXBuildFile; fileRef = 65A3E9441486ED64AABAA57B /* GYMExerciseDetailViewModel.m */; };
		65A3ECC8F706FA0838151387 /* GYMExerciseListViewController.m in Sources */ = {isa = PBXBuildFile; fileRef = 65A3E34EF417AF06A1E25270 /* GYMExerciseListViewController.m */; };
		65A3EDD696E58256C9936089 /* GYMWorkout.m in Sources */ = {isa = PBXBuildFile; fileRef = 65A3EFAF80AB71E58E92CB07 /* GYMWorkout.m */; };
		65A3EE36B5936A471E2EB677 /* GYMBaseViewController.m in Sources */ = {isa = PBXBuildFile; fileRef = 65A3E680406791FD823A8702 /* GYMBaseViewController.m */; };
		65AE4D0AFD4E45D99344BF03 /* libPods-gymmy-iosTests.a in Frameworks */ = {isa = PBXBuildFile; fileRef = C32530DC7C114ED09F60FDC4 /* libPods-gymmy-iosTests.a */; };
		970AB8B81903C196008DDA75 /* gymmy_iphone.storyboard in Resources */ = {isa = PBXBuildFile; fileRef = 970AB8B71903C196008DDA75 /* gymmy_iphone.storyboard */; };
		973D85CC1907DF6100615523 /* GYMWorkoutViewControllerTests.m in Sources */ = {isa = PBXBuildFile; fileRef = 973D85CB1907DF6100615523 /* GYMWorkoutViewControllerTests.m */; };
		977B36B11907D9D500C5A2FF /* GYMWorkoutVCViewModelTests.m in Sources */ = {isa = PBXBuildFile; fileRef = 977B36B01907D9D500C5A2FF /* GYMWorkoutVCViewModelTests.m */; };
		978EA6FC1903A7C100651DD3 /* Foundation.framework in Frameworks */ = {isa = PBXBuildFile; fileRef = 978EA6FB1903A7C100651DD3 /* Foundation.framework */; };
		978EA6FE1903A7C100651DD3 /* CoreGraphics.framework in Frameworks */ = {isa = PBXBuildFile; fileRef = 978EA6FD1903A7C100651DD3 /* CoreGraphics.framework */; };
		978EA7001903A7C100651DD3 /* UIKit.framework in Frameworks */ = {isa = PBXBuildFile; fileRef = 978EA6FF1903A7C100651DD3 /* UIKit.framework */; };
		978EA7061903A7C100651DD3 /* InfoPlist.strings in Resources */ = {isa = PBXBuildFile; fileRef = 978EA7041903A7C100651DD3 /* InfoPlist.strings */; };
		978EA7081903A7C100651DD3 /* main.m in Sources */ = {isa = PBXBuildFile; fileRef = 978EA7071903A7C100651DD3 /* main.m */; };
		978EA70C1903A7C100651DD3 /* GYMAppDelegate.m in Sources */ = {isa = PBXBuildFile; fileRef = 978EA70B1903A7C100651DD3 /* GYMAppDelegate.m */; };
		978EA70E1903A7C100651DD3 /* Images.xcassets in Resources */ = {isa = PBXBuildFile; fileRef = 978EA70D1903A7C100651DD3 /* Images.xcassets */; };
		978EA7151903A7C100651DD3 /* XCTest.framework in Frameworks */ = {isa = PBXBuildFile; fileRef = 978EA7141903A7C100651DD3 /* XCTest.framework */; };
		978EA7161903A7C100651DD3 /* Foundation.framework in Frameworks */ = {isa = PBXBuildFile; fileRef = 978EA6FB1903A7C100651DD3 /* Foundation.framework */; };
		978EA7171903A7C100651DD3 /* UIKit.framework in Frameworks */ = {isa = PBXBuildFile; fileRef = 978EA6FF1903A7C100651DD3 /* UIKit.framework */; };
		978EA71F1903A7C100651DD3 /* InfoPlist.strings in Resources */ = {isa = PBXBuildFile; fileRef = 978EA71D1903A7C100651DD3 /* InfoPlist.strings */; };
		97DEA06C1907F03C00EE10CD /* GYMExerciseListVCViewModelTests.m in Sources */ = {isa = PBXBuildFile; fileRef = 97DEA06B1907F03C00EE10CD /* GYMExerciseListVCViewModelTests.m */; };
		97DEA06F1907F81A00EE10CD /* GYMExerciseListViewControllerTests.m in Sources */ = {isa = PBXBuildFile; fileRef = 65A3E63B56D9D4C530D4144D /* GYMExerciseListViewControllerTests.m */; };
		A5778505E7484D5AA8294E5A /* libPods.a in Frameworks */ = {isa = PBXBuildFile; fileRef = AAF1AE2501484F16A5FA730A /* libPods.a */; };
/* End PBXBuildFile section */

/* Begin PBXContainerItemProxy section */
		978EA7181903A7C100651DD3 /* PBXContainerItemProxy */ = {
			isa = PBXContainerItemProxy;
			containerPortal = 978EA6F01903A7C100651DD3 /* Project object */;
			proxyType = 1;
			remoteGlobalIDString = 978EA6F71903A7C100651DD3;
			remoteInfo = "gymmy-ios";
		};
/* End PBXContainerItemProxy section */

/* Begin PBXFileReference section */
		65A3E0244098BE99F6A762F8 /* GYMExerciseListVCViewModel.m */ = {isa = PBXFileReference; fileEncoding = 4; lastKnownFileType = sourcecode.c.objc; path = GYMExerciseListVCViewModel.m; sourceTree = "<group>"; };
		65A3E02689A6418E85CB33D4 /* GYMWorkout.h */ = {isa = PBXFileReference; fileEncoding = 4; lastKnownFileType = sourcecode.c.h; path = GYMWorkout.h; sourceTree = "<group>"; };
		65A3E046C3CF52CFDF89BF7D /* GYMWorkoutVCViewModel.m */ = {isa = PBXFileReference; fileEncoding = 4; lastKnownFileType = sourcecode.c.objc; path = GYMWorkoutVCViewModel.m; sourceTree = "<group>"; };
		65A3E08D62D2A0A41FF92EA5 /* GYMExerciseDetailViewModel.h */ = {isa = PBXFileReference; fileEncoding = 4; lastKnownFileType = sourcecode.c.h; path = GYMExerciseDetailViewModel.h; sourceTree = "<group>"; };
		65A3E1459340633CC9779427 /* GYMWorkoutTableViewCell.m */ = {isa = PBXFileReference; fileEncoding = 4; lastKnownFileType = sourcecode.c.objc; path = GYMWorkoutTableViewCell.m; sourceTree = "<group>"; };
		65A3E21D87B55358E376B49C /* GYMExerciseListVCViewModel.h */ = {isa = PBXFileReference; fileEncoding = 4; lastKnownFileType = sourcecode.c.h; path = GYMExerciseListVCViewModel.h; sourceTree = "<group>"; };
		65A3E34EF417AF06A1E25270 /* GYMExerciseListViewController.m */ = {isa = PBXFileReference; fileEncoding = 4; lastKnownFileType = sourcecode.c.objc; path = GYMExerciseListViewController.m; sourceTree = "<group>"; };
		65A3E36A6479A5FB32B334EC /* GYMWorkoutTableViewCell.h */ = {isa = PBXFileReference; fileEncoding = 4; lastKnownFileType = sourcecode.c.h; path = GYMWorkoutTableViewCell.h; sourceTree = "<group>"; };
		65A3E46307DF2269DF213C2C /* GYMWorkoutViewController.m */ = {isa = PBXFileReference; fileEncoding = 4; lastKnownFileType = sourcecode.c.objc; path = GYMWorkoutViewController.m; sourceTree = "<group>"; };
		65A3E63B56D9D4C530D4144D /* GYMExerciseListViewControllerTests.m */ = {isa = PBXFileReference; fileEncoding = 4; lastKnownFileType = sourcecode.c.objc; path = GYMExerciseListViewControllerTests.m; sourceTree = "<group>"; };
		65A3E680406791FD823A8702 /* GYMBaseViewController.m */ = {isa = PBXFileReference; fileEncoding = 4; lastKnownFileType = sourcecode.c.objc; path = GYMBaseViewController.m; sourceTree = "<group>"; };
		65A3E73083F0E47083421CC3 /* GYMExerciseListTableViewCell.m */ = {isa = PBXFileReference; fileEncoding = 4; lastKnownFileType = sourcecode.c.objc; path = GYMExerciseListTableViewCell.m; sourceTree = "<group>"; };
		65A3E75C5A891131060BDDA9 /* GYMExerciseListTableViewCell.h */ = {isa = PBXFileReference; fileEncoding = 4; lastKnownFileType = sourcecode.c.h; path = GYMExerciseListTableViewCell.h; sourceTree = "<group>"; };
		65A3E840933C5CF27A410878 /* GYMExercise.m */ = {isa = PBXFileReference; fileEncoding = 4; lastKnownFileType = sourcecode.c.objc; path = GYMExercise.m; sourceTree = "<group>"; };
		65A3E850BE8F29272850379E /* GYMBaseViewController.h */ = {isa = PBXFileReference; fileEncoding = 4; lastKnownFileType = sourcecode.c.h; path = GYMBaseViewController.h; sourceTree = "<group>"; };
		65A3E8885880FBD8E033A8A8 /* GYMExerciseDetailViewController.m */ = {isa = PBXFileReference; fileEncoding = 4; lastKnownFileType = sourcecode.c.objc; path = GYMExerciseDetailViewController.m; sourceTree = "<group>"; };
		65A3E9441486ED64AABAA57B /* GYMExerciseDetailViewModel.m */ = {isa = PBXFileReference; fileEncoding = 4; lastKnownFileType = sourcecode.c.objc; path = GYMExerciseDetailViewModel.m; sourceTree = "<group>"; };
		65A3E9543BBB3AF9C0814A52 /* GYMExerciseListViewController.h */ = {isa = PBXFileReference; fileEncoding = 4; lastKnownFileType = sourcecode.c.h; path = GYMExerciseListViewController.h; sourceTree = "<group>"; };
		65A3EA471A6E97522480ED50 /* GYMExercise.h */ = {isa = PBXFileReference; fileEncoding = 4; lastKnownFileType = sourcecode.c.h; path = GYMExercise.h; sourceTree = "<group>"; };
		65A3EB8968AF750B0929C535 /* GYMBaseTableViewController.m */ = {isa = PBXFileReference; fileEncoding = 4; lastKnownFileType = sourcecode.c.objc; path = GYMBaseTableViewController.m; sourceTree = "<group>"; };
		65A3EC2963D37E7A79EB5BFE /* GYMWorkoutVCViewModel.h */ = {isa = PBXFileReference; fileEncoding = 4; lastKnownFileType = sourcecode.c.h; path = GYMWorkoutVCViewModel.h; sourceTree = "<group>"; };
		65A3EC6E7B8A83AB7FA8EBE8 /* GYMExerciseDetailViewController.h */ = {isa = PBXFileReference; fileEncoding = 4; lastKnownFileType = sourcecode.c.h; path = GYMExerciseDetailViewController.h; sourceTree = "<group>"; };
		65A3EC773B7F56F181414A7C /* GYMWorkoutViewController.h */ = {isa = PBXFileReference; fileEncoding = 4; lastKnownFileType = sourcecode.c.h; path = GYMWorkoutViewController.h; sourceTree = "<group>"; };
		65A3ECCB0EB578B4620277B0 /* UIColor+GYMColor.m */ = {isa = PBXFileReference; fileEncoding = 4; lastKnownFileType = sourcecode.c.objc; path = "UIColor+GYMColor.m"; sourceTree = "<group>"; };
		65A3ED577CDAD3ED5EDB6AC7 /* GYMBaseTableViewController.h */ = {isa = PBXFileReference; fileEncoding = 4; lastKnownFileType = sourcecode.c.h; path = GYMBaseTableViewController.h; sourceTree = "<group>"; };
		65A3EE80F79BD783DFC88AA7 /* UIColor+GYMColor.h */ = {isa = PBXFileReference; fileEncoding = 4; lastKnownFileType = sourcecode.c.h; path = "UIColor+GYMColor.h"; sourceTree = "<group>"; };
		65A3EFAF80AB71E58E92CB07 /* GYMWorkout.m */ = {isa = PBXFileReference; fileEncoding = 4; lastKnownFileType = sourcecode.c.objc; path = GYMWorkout.m; sourceTree = "<group>"; };
		970AB8B71903C196008DDA75 /* gymmy_iphone.storyboard */ = {isa = PBXFileReference; fileEncoding = 4; lastKnownFileType = file.storyboard; path = gymmy_iphone.storyboard; sourceTree = "<group>"; };
		973D85CB1907DF6100615523 /* GYMWorkoutViewControllerTests.m */ = {isa = PBXFileReference; fileEncoding = 4; lastKnownFileType = sourcecode.c.objc; path = GYMWorkoutViewControllerTests.m; sourceTree = "<group>"; };
		977B36B01907D9D500C5A2FF /* GYMWorkoutVCViewModelTests.m */ = {isa = PBXFileReference; fileEncoding = 4; lastKnownFileType = sourcecode.c.objc; path = GYMWorkoutVCViewModelTests.m; sourceTree = "<group>"; };
		978EA6F81903A7C100651DD3 /* gymmy-ios.app */ = {isa = PBXFileReference; explicitFileType = wrapper.application; includeInIndex = 0; path = "gymmy-ios.app"; sourceTree = BUILT_PRODUCTS_DIR; };
		978EA6FB1903A7C100651DD3 /* Foundation.framework */ = {isa = PBXFileReference; lastKnownFileType = wrapper.framework; name = Foundation.framework; path = System/Library/Frameworks/Foundation.framework; sourceTree = SDKROOT; };
		978EA6FD1903A7C100651DD3 /* CoreGraphics.framework */ = {isa = PBXFileReference; lastKnownFileType = wrapper.framework; name = CoreGraphics.framework; path = System/Library/Frameworks/CoreGraphics.framework; sourceTree = SDKROOT; };
		978EA6FF1903A7C100651DD3 /* UIKit.framework */ = {isa = PBXFileReference; lastKnownFileType = wrapper.framework; name = UIKit.framework; path = System/Library/Frameworks/UIKit.framework; sourceTree = SDKROOT; };
		978EA7031903A7C100651DD3 /* gymmy-ios-Info.plist */ = {isa = PBXFileReference; lastKnownFileType = text.plist.xml; path = "gymmy-ios-Info.plist"; sourceTree = "<group>"; };
		978EA7051903A7C100651DD3 /* en */ = {isa = PBXFileReference; lastKnownFileType = text.plist.strings; name = en; path = en.lproj/InfoPlist.strings; sourceTree = "<group>"; };
		978EA7071903A7C100651DD3 /* main.m */ = {isa = PBXFileReference; lastKnownFileType = sourcecode.c.objc; path = main.m; sourceTree = "<group>"; };
		978EA7091903A7C100651DD3 /* gymmy-ios-Prefix.pch */ = {isa = PBXFileReference; lastKnownFileType = sourcecode.c.h; path = "gymmy-ios-Prefix.pch"; sourceTree = "<group>"; };
		978EA70A1903A7C100651DD3 /* GYMAppDelegate.h */ = {isa = PBXFileReference; lastKnownFileType = sourcecode.c.h; path = GYMAppDelegate.h; sourceTree = "<group>"; };
		978EA70B1903A7C100651DD3 /* GYMAppDelegate.m */ = {isa = PBXFileReference; lastKnownFileType = sourcecode.c.objc; path = GYMAppDelegate.m; sourceTree = "<group>"; };
		978EA70D1903A7C100651DD3 /* Images.xcassets */ = {isa = PBXFileReference; lastKnownFileType = folder.assetcatalog; path = Images.xcassets; sourceTree = "<group>"; };
		978EA7131903A7C100651DD3 /* gymmy-iosTests.xctest */ = {isa = PBXFileReference; explicitFileType = wrapper.cfbundle; includeInIndex = 0; path = "gymmy-iosTests.xctest"; sourceTree = BUILT_PRODUCTS_DIR; };
		978EA7141903A7C100651DD3 /* XCTest.framework */ = {isa = PBXFileReference; lastKnownFileType = wrapper.framework; name = XCTest.framework; path = Library/Frameworks/XCTest.framework; sourceTree = DEVELOPER_DIR; };
		978EA71C1903A7C100651DD3 /* gymmy-iosTests-Info.plist */ = {isa = PBXFileReference; lastKnownFileType = text.plist.xml; path = "gymmy-iosTests-Info.plist"; sourceTree = "<group>"; };
		978EA71E1903A7C100651DD3 /* en */ = {isa = PBXFileReference; lastKnownFileType = text.plist.strings; name = en; path = en.lproj/InfoPlist.strings; sourceTree = "<group>"; };
		97DEA06B1907F03C00EE10CD /* GYMExerciseListVCViewModelTests.m */ = {isa = PBXFileReference; fileEncoding = 4; lastKnownFileType = sourcecode.c.objc; path = GYMExerciseListVCViewModelTests.m; sourceTree = "<group>"; };
		9E492A9B1EED460FADABB6EA /* Pods.xcconfig */ = {isa = PBXFileReference; includeInIndex = 1; lastKnownFileType = text.xcconfig; name = Pods.xcconfig; path = Pods/Pods.xcconfig; sourceTree = "<group>"; };
		AAF1AE2501484F16A5FA730A /* libPods.a */ = {isa = PBXFileReference; explicitFileType = archive.ar; includeInIndex = 0; path = libPods.a; sourceTree = BUILT_PRODUCTS_DIR; };
		C32530DC7C114ED09F60FDC4 /* libPods-gymmy-iosTests.a */ = {isa = PBXFileReference; explicitFileType = archive.ar; includeInIndex = 0; path = "libPods-gymmy-iosTests.a"; sourceTree = BUILT_PRODUCTS_DIR; };
		EDEFCDCF308D45AA949758CB /* Pods-gymmy-iosTests.xcconfig */ = {isa = PBXFileReference; includeInIndex = 1; lastKnownFileType = text.xcconfig; name = "Pods-gymmy-iosTests.xcconfig"; path = "Pods/Pods-gymmy-iosTests.xcconfig"; sourceTree = "<group>"; };
/* End PBXFileReference section */

/* Begin PBXFrameworksBuildPhase section */
		978EA6F51903A7C100651DD3 /* Frameworks */ = {
			isa = PBXFrameworksBuildPhase;
			buildActionMask = 2147483647;
			files = (
				978EA6FE1903A7C100651DD3 /* CoreGraphics.framework in Frameworks */,
				978EA7001903A7C100651DD3 /* UIKit.framework in Frameworks */,
				978EA6FC1903A7C100651DD3 /* Foundation.framework in Frameworks */,
				A5778505E7484D5AA8294E5A /* libPods.a in Frameworks */,
			);
			runOnlyForDeploymentPostprocessing = 0;
		};
		978EA7101903A7C100651DD3 /* Frameworks */ = {
			isa = PBXFrameworksBuildPhase;
			buildActionMask = 2147483647;
			files = (
				978EA7151903A7C100651DD3 /* XCTest.framework in Frameworks */,
				978EA7171903A7C100651DD3 /* UIKit.framework in Frameworks */,
				978EA7161903A7C100651DD3 /* Foundation.framework in Frameworks */,
				65AE4D0AFD4E45D99344BF03 /* libPods-gymmy-iosTests.a in Frameworks */,
			);
			runOnlyForDeploymentPostprocessing = 0;
		};
/* End PBXFrameworksBuildPhase section */

/* Begin PBXGroup section */
		65A3E1EE678DA8F1E111B365 /* Workout List VC */ = {
			isa = PBXGroup;
			children = (
				65A3EC2963D37E7A79EB5BFE /* GYMWorkoutVCViewModel.h */,
				65A3E046C3CF52CFDF89BF7D /* GYMWorkoutVCViewModel.m */,
				65A3EC773B7F56F181414A7C /* GYMWorkoutViewController.h */,
				65A3E46307DF2269DF213C2C /* GYMWorkoutViewController.m */,
				65A3E36A6479A5FB32B334EC /* GYMWorkoutTableViewCell.h */,
				65A3E1459340633CC9779427 /* GYMWorkoutTableViewCell.m */,
			);
			path = "Workout List VC";
			sourceTree = "<group>";
		};
		65A3E41971FB35246BA8C8DD /* View Controllers */ = {
			isa = PBXGroup;
			children = (
				65A3ED9DD15A014D60EA75FB /* Base View Controller */,
				65A3E63F6F2F2817258EF538 /* Exercise List VC */,
				65A3E1EE678DA8F1E111B365 /* Workout List VC */,
				65A3E6BF1B676A30E1439EEF /* Exercise Detail VC */,
			);
			path = "View Controllers";
			sourceTree = "<group>";
		};
		65A3E63F6F2F2817258EF538 /* Exercise List VC */ = {
			isa = PBXGroup;
			children = (
				65A3E9543BBB3AF9C0814A52 /* GYMExerciseListViewController.h */,
				65A3E34EF417AF06A1E25270 /* GYMExerciseListViewController.m */,
				65A3E73083F0E47083421CC3 /* GYMExerciseListTableViewCell.m */,
				65A3E75C5A891131060BDDA9 /* GYMExerciseListTableViewCell.h */,
				65A3E0244098BE99F6A762F8 /* GYMExerciseListVCViewModel.m */,
				65A3E21D87B55358E376B49C /* GYMExerciseListVCViewModel.h */,
			);
			path = "Exercise List VC";
			sourceTree = "<group>";
		};
		65A3E6BF1B676A30E1439EEF /* Exercise Detail VC */ = {
			isa = PBXGroup;
			children = (
				65A3E8885880FBD8E033A8A8 /* GYMExerciseDetailViewController.m */,
				65A3EC6E7B8A83AB7FA8EBE8 /* GYMExerciseDetailViewController.h */,
				65A3E9441486ED64AABAA57B /* GYMExerciseDetailViewModel.m */,
				65A3E08D62D2A0A41FF92EA5 /* GYMExerciseDetailViewModel.h */,
			);
			path = "Exercise Detail VC";
			sourceTree = "<group>";
		};
		65A3EB7301A9A9AED53E429A /* Model */ = {
			isa = PBXGroup;
			children = (
				65A3EFAF80AB71E58E92CB07 /* GYMWorkout.m */,
				65A3E02689A6418E85CB33D4 /* GYMWorkout.h */,
				65A3E840933C5CF27A410878 /* GYMExercise.m */,
				65A3EA471A6E97522480ED50 /* GYMExercise.h */,
			);
			path = Model;
			sourceTree = "<group>";
		};
		65A3ED9DD15A014D60EA75FB /* Base View Controller */ = {
			isa = PBXGroup;
			children = (
				65A3E850BE8F29272850379E /* GYMBaseViewController.h */,
				65A3E680406791FD823A8702 /* GYMBaseViewController.m */,
				65A3EB8968AF750B0929C535 /* GYMBaseTableViewController.m */,
				65A3ED577CDAD3ED5EDB6AC7 /* GYMBaseTableViewController.h */,
			);
			path = "Base View Controller";
			sourceTree = "<group>";
		};
		65A3EF554760854F359EEE97 /* Categories */ = {
			isa = PBXGroup;
			children = (
				65A3ECCB0EB578B4620277B0 /* UIColor+GYMColor.m */,
				65A3EE80F79BD783DFC88AA7 /* UIColor+GYMColor.h */,
			);
			path = Categories;
			sourceTree = "<group>";
		};
		978EA6EF1903A7C100651DD3 = {
			isa = PBXGroup;
			children = (
				978EA7011903A7C100651DD3 /* gymmy-ios */,
				978EA71A1903A7C100651DD3 /* gymmy-iosTests */,
				978EA6FA1903A7C100651DD3 /* Frameworks */,
				978EA6F91903A7C100651DD3 /* Products */,
				9E492A9B1EED460FADABB6EA /* Pods.xcconfig */,
				EDEFCDCF308D45AA949758CB /* Pods-gymmy-iosTests.xcconfig */,
			);
			sourceTree = "<group>";
		};
		978EA6F91903A7C100651DD3 /* Products */ = {
			isa = PBXGroup;
			children = (
				978EA6F81903A7C100651DD3 /* gymmy-ios.app */,
				978EA7131903A7C100651DD3 /* gymmy-iosTests.xctest */,
			);
			name = Products;
			sourceTree = "<group>";
		};
		978EA6FA1903A7C100651DD3 /* Frameworks */ = {
			isa = PBXGroup;
			children = (
				978EA6FB1903A7C100651DD3 /* Foundation.framework */,
				978EA6FD1903A7C100651DD3 /* CoreGraphics.framework */,
				978EA6FF1903A7C100651DD3 /* UIKit.framework */,
				978EA7141903A7C100651DD3 /* XCTest.framework */,
				AAF1AE2501484F16A5FA730A /* libPods.a */,
				C32530DC7C114ED09F60FDC4 /* libPods-gymmy-iosTests.a */,
			);
			name = Frameworks;
			sourceTree = "<group>";
		};
		978EA7011903A7C100651DD3 /* gymmy-ios */ = {
			isa = PBXGroup;
			children = (
				978EA70A1903A7C100651DD3 /* GYMAppDelegate.h */,
				978EA70B1903A7C100651DD3 /* GYMAppDelegate.m */,
				978EA70D1903A7C100651DD3 /* Images.xcassets */,
				978EA7021903A7C100651DD3 /* Supporting Files */,
				970AB8B71903C196008DDA75 /* gymmy_iphone.storyboard */,
				65A3EF554760854F359EEE97 /* Categories */,
				65A3EB7301A9A9AED53E429A /* Model */,
				65A3E41971FB35246BA8C8DD /* View Controllers */,
			);
			path = "gymmy-ios";
			sourceTree = "<group>";
		};
		978EA7021903A7C100651DD3 /* Supporting Files */ = {
			isa = PBXGroup;
			children = (
				978EA7031903A7C100651DD3 /* gymmy-ios-Info.plist */,
				978EA7041903A7C100651DD3 /* InfoPlist.strings */,
				978EA7071903A7C100651DD3 /* main.m */,
				978EA7091903A7C100651DD3 /* gymmy-ios-Prefix.pch */,
			);
			name = "Supporting Files";
			sourceTree = "<group>";
		};
		978EA71A1903A7C100651DD3 /* gymmy-iosTests */ = {
			isa = PBXGroup;
			children = (
				97DEA06B1907F03C00EE10CD /* GYMExerciseListVCViewModelTests.m */,
				973D85CB1907DF6100615523 /* GYMWorkoutViewControllerTests.m */,
				977B36B01907D9D500C5A2FF /* GYMWorkoutVCViewModelTests.m */,
				978EA71B1903A7C100651DD3 /* Supporting Files */,
				65A3E63B56D9D4C530D4144D /* GYMExerciseListViewControllerTests.m */,
			);
			path = "gymmy-iosTests";
			sourceTree = "<group>";
		};
		978EA71B1903A7C100651DD3 /* Supporting Files */ = {
			isa = PBXGroup;
			children = (
				978EA71C1903A7C100651DD3 /* gymmy-iosTests-Info.plist */,
				978EA71D1903A7C100651DD3 /* InfoPlist.strings */,
			);
			name = "Supporting Files";
			sourceTree = "<group>";
		};
/* End PBXGroup section */

/* Begin PBXNativeTarget section */
		978EA6F71903A7C100651DD3 /* gymmy-ios */ = {
			isa = PBXNativeTarget;
			buildConfigurationList = 978EA7241903A7C100651DD3 /* Build configuration list for PBXNativeTarget "gymmy-ios" */;
			buildPhases = (
				A5D0493B6644444EA1CA146A /* Check Pods Manifest.lock */,
				978EA6F41903A7C100651DD3 /* Sources */,
				978EA6F51903A7C100651DD3 /* Frameworks */,
				978EA6F61903A7C100651DD3 /* Resources */,
				23DFA6E486EF4E29A84BC116 /* Copy Pods Resources */,
			);
			buildRules = (
			);
			dependencies = (
			);
			name = "gymmy-ios";
			productName = "gymmy-ios";
			productReference = 978EA6F81903A7C100651DD3 /* gymmy-ios.app */;
			productType = "com.apple.product-type.application";
		};
		978EA7121903A7C100651DD3 /* gymmy-iosTests */ = {
			isa = PBXNativeTarget;
			buildConfigurationList = 978EA7271903A7C100651DD3 /* Build configuration list for PBXNativeTarget "gymmy-iosTests" */;
			buildPhases = (
				FA5FAA50E62F4BD0A17000AB /* Check Pods Manifest.lock */,
				978EA70F1903A7C100651DD3 /* Sources */,
				978EA7101903A7C100651DD3 /* Frameworks */,
				978EA7111903A7C100651DD3 /* Resources */,
				AD8DDA6D81E747FBB929C508 /* Copy Pods Resources */,
			);
			buildRules = (
			);
			dependencies = (
				978EA7191903A7C100651DD3 /* PBXTargetDependency */,
			);
			name = "gymmy-iosTests";
			productName = "gymmy-iosTests";
			productReference = 978EA7131903A7C100651DD3 /* gymmy-iosTests.xctest */;
			productType = "com.apple.product-type.bundle.unit-test";
		};
/* End PBXNativeTarget section */

/* Begin PBXProject section */
		978EA6F01903A7C100651DD3 /* Project object */ = {
			isa = PBXProject;
			attributes = {
				CLASSPREFIX = GYM;
				LastUpgradeCheck = 0510;
				ORGANIZATIONNAME = "Pfitzmann Software Solutions - Friedrich Pfitzmann";
				TargetAttributes = {
					978EA7121903A7C100651DD3 = {
						TestTargetID = 978EA6F71903A7C100651DD3;
					};
				};
			};
			buildConfigurationList = 978EA6F31903A7C100651DD3 /* Build configuration list for PBXProject "gymmy-ios" */;
			compatibilityVersion = "Xcode 3.2";
			developmentRegion = English;
			hasScannedForEncodings = 0;
			knownRegions = (
				en,
			);
			mainGroup = 978EA6EF1903A7C100651DD3;
			productRefGroup = 978EA6F91903A7C100651DD3 /* Products */;
			projectDirPath = "";
			projectRoot = "";
			targets = (
				978EA6F71903A7C100651DD3 /* gymmy-ios */,
				978EA7121903A7C100651DD3 /* gymmy-iosTests */,
			);
		};
/* End PBXProject section */

/* Begin PBXResourcesBuildPhase section */
		978EA6F61903A7C100651DD3 /* Resources */ = {
			isa = PBXResourcesBuildPhase;
			buildActionMask = 2147483647;
			files = (
				978EA7061903A7C100651DD3 /* InfoPlist.strings in Resources */,
				978EA70E1903A7C100651DD3 /* Images.xcassets in Resources */,
				970AB8B81903C196008DDA75 /* gymmy_iphone.storyboard in Resources */,
			);
			runOnlyForDeploymentPostprocessing = 0;
		};
		978EA7111903A7C100651DD3 /* Resources */ = {
			isa = PBXResourcesBuildPhase;
			buildActionMask = 2147483647;
			files = (
				978EA71F1903A7C100651DD3 /* InfoPlist.strings in Resources */,
			);
			runOnlyForDeploymentPostprocessing = 0;
		};
/* End PBXResourcesBuildPhase section */

/* Begin PBXShellScriptBuildPhase section */
		23DFA6E486EF4E29A84BC116 /* Copy Pods Resources */ = {
			isa = PBXShellScriptBuildPhase;
			buildActionMask = 2147483647;
			files = (
			);
			inputPaths = (
			);
			name = "Copy Pods Resources";
			outputPaths = (
			);
			runOnlyForDeploymentPostprocessing = 0;
			shellPath = /bin/sh;
			shellScript = "\"${SRCROOT}/Pods/Pods-resources.sh\"\n";
			showEnvVarsInLog = 0;
		};
		A5D0493B6644444EA1CA146A /* Check Pods Manifest.lock */ = {
			isa = PBXShellScriptBuildPhase;
			buildActionMask = 2147483647;
			files = (
			);
			inputPaths = (
			);
			name = "Check Pods Manifest.lock";
			outputPaths = (
			);
			runOnlyForDeploymentPostprocessing = 0;
			shellPath = /bin/sh;
			shellScript = "diff \"${PODS_ROOT}/../Podfile.lock\" \"${PODS_ROOT}/Manifest.lock\" > /dev/null\nif [[ $? != 0 ]] ; then\n    cat << EOM\nerror: The sandbox is not in sync with the Podfile.lock. Run 'pod install' or update your CocoaPods installation.\nEOM\n    exit 1\nfi\n";
			showEnvVarsInLog = 0;
		};
		AD8DDA6D81E747FBB929C508 /* Copy Pods Resources */ = {
			isa = PBXShellScriptBuildPhase;
			buildActionMask = 2147483647;
			files = (
			);
			inputPaths = (
			);
			name = "Copy Pods Resources";
			outputPaths = (
			);
			runOnlyForDeploymentPostprocessing = 0;
			shellPath = /bin/sh;
			shellScript = "\"${SRCROOT}/Pods/Pods-gymmy-iosTests-resources.sh\"\n";
			showEnvVarsInLog = 0;
		};
		FA5FAA50E62F4BD0A17000AB /* Check Pods Manifest.lock */ = {
			isa = PBXShellScriptBuildPhase;
			buildActionMask = 2147483647;
			files = (
			);
			inputPaths = (
			);
			name = "Check Pods Manifest.lock";
			outputPaths = (
			);
			runOnlyForDeploymentPostprocessing = 0;
			shellPath = /bin/sh;
			shellScript = "diff \"${PODS_ROOT}/../Podfile.lock\" \"${PODS_ROOT}/Manifest.lock\" > /dev/null\nif [[ $? != 0 ]] ; then\n    cat << EOM\nerror: The sandbox is not in sync with the Podfile.lock. Run 'pod install' or update your CocoaPods installation.\nEOM\n    exit 1\nfi\n";
			showEnvVarsInLog = 0;
		};
/* End PBXShellScriptBuildPhase section */

/* Begin PBXSourcesBuildPhase section */
		978EA6F41903A7C100651DD3 /* Sources */ = {
			isa = PBXSourcesBuildPhase;
			buildActionMask = 2147483647;
			files = (
				978EA70C1903A7C100651DD3 /* GYMAppDelegate.m in Sources */,
				978EA7081903A7C100651DD3 /* main.m in Sources */,
				65A3E8F68BCEED5CA4897CB9 /* UIColor+GYMColor.m in Sources */,
				65A3EDD696E58256C9936089 /* GYMWorkout.m in Sources */,
				65A3E1327C07787D577A39C6 /* GYMExercise.m in Sources */,
				65A3EE36B5936A471E2EB677 /* GYMBaseViewController.m in Sources */,
				65A3ECC8F706FA0838151387 /* GYMExerciseListViewController.m in Sources */,
				65A3E9C7886E5D7BFAD46BB7 /* GYMExerciseListTableViewCell.m in Sources */,
				65A3E0C545E00EA94E7E3740 /* GYMExerciseListVCViewModel.m in Sources */,
				65A3E2FEC7C6D5DAA8F34CC8 /* GYMWorkoutVCViewModel.m in Sources */,
				65A3E6DEB472DA2449D555AB /* GYMWorkoutViewController.m in Sources */,
				65A3E3C25E2A0799A24E9ACF /* GYMWorkoutTableViewCell.m in Sources */,
				65A3E39572F7B662BE29443D /* GYMBaseTableViewController.m in Sources */,
				65A3E80E1BDF1E2A0FC094A1 /* GYMExerciseDetailViewController.m in Sources */,
				65A3EAE57E0CF9548F3FD04B /* GYMExerciseDetailViewModel.m in Sources */,
			);
			runOnlyForDeploymentPostprocessing = 0;
		};
		978EA70F1903A7C100651DD3 /* Sources */ = {
			isa = PBXSourcesBuildPhase;
			buildActionMask = 2147483647;
			files = (
				97DEA06C1907F03C00EE10CD /* GYMExerciseListVCViewModelTests.m in Sources */,
				977B36B11907D9D500C5A2FF /* GYMWorkoutVCViewModelTests.m in Sources */,
				97DEA06F1907F81A00EE10CD /* GYMExerciseListViewControllerTests.m in Sources */,
				973D85CC1907DF6100615523 /* GYMWorkoutViewControllerTests.m in Sources */,
			);
			runOnlyForDeploymentPostprocessing = 0;
		};
/* End PBXSourcesBuildPhase section */

/* Begin PBXTargetDependency section */
		978EA7191903A7C100651DD3 /* PBXTargetDependency */ = {
			isa = PBXTargetDependency;
			target = 978EA6F71903A7C100651DD3 /* gymmy-ios */;
			targetProxy = 978EA7181903A7C100651DD3 /* PBXContainerItemProxy */;
		};
/* End PBXTargetDependency section */

/* Begin PBXVariantGroup section */
		978EA7041903A7C100651DD3 /* InfoPlist.strings */ = {
			isa = PBXVariantGroup;
			children = (
				978EA7051903A7C100651DD3 /* en */,
			);
			name = InfoPlist.strings;
			sourceTree = "<group>";
		};
		978EA71D1903A7C100651DD3 /* InfoPlist.strings */ = {
			isa = PBXVariantGroup;
			children = (
				978EA71E1903A7C100651DD3 /* en */,
			);
			name = InfoPlist.strings;
			sourceTree = "<group>";
		};
/* End PBXVariantGroup section */

/* Begin XCBuildConfiguration section */
		978EA7221903A7C100651DD3 /* Debug */ = {
			isa = XCBuildConfiguration;
			buildSettings = {
				ALWAYS_SEARCH_USER_PATHS = NO;
				CLANG_CXX_LANGUAGE_STANDARD = "gnu++0x";
				CLANG_CXX_LIBRARY = "libc++";
				CLANG_ENABLE_MODULES = YES;
				CLANG_ENABLE_OBJC_ARC = YES;
				CLANG_WARN_BOOL_CONVERSION = YES;
				CLANG_WARN_CONSTANT_CONVERSION = YES;
				CLANG_WARN_DIRECT_OBJC_ISA_USAGE = YES_ERROR;
				CLANG_WARN_EMPTY_BODY = YES;
				CLANG_WARN_ENUM_CONVERSION = YES;
				CLANG_WARN_INT_CONVERSION = YES;
				CLANG_WARN_OBJC_ROOT_CLASS = YES_ERROR;
				CLANG_WARN__DUPLICATE_METHOD_MATCH = YES;
				"CODE_SIGN_IDENTITY[sdk=iphoneos*]" = "iPhone Developer";
				COPY_PHASE_STRIP = NO;
				GCC_C_LANGUAGE_STANDARD = gnu99;
				GCC_DYNAMIC_NO_PIC = NO;
				GCC_OPTIMIZATION_LEVEL = 0;
				GCC_PREPROCESSOR_DEFINITIONS = (
					"DEBUG=1",
					"$(inherited)",
				);
				GCC_SYMBOLS_PRIVATE_EXTERN = NO;
				GCC_WARN_64_TO_32_BIT_CONVERSION = YES;
				GCC_WARN_ABOUT_RETURN_TYPE = YES_ERROR;
				GCC_WARN_UNDECLARED_SELECTOR = YES;
				GCC_WARN_UNINITIALIZED_AUTOS = YES_AGGRESSIVE;
				GCC_WARN_UNUSED_FUNCTION = YES;
				GCC_WARN_UNUSED_VARIABLE = YES;
				IPHONEOS_DEPLOYMENT_TARGET = 7.1;
				ONLY_ACTIVE_ARCH = YES;
				SDKROOT = iphoneos;
			};
			name = Debug;
		};
		978EA7231903A7C100651DD3 /* Release */ = {
			isa = XCBuildConfiguration;
			buildSettings = {
				ALWAYS_SEARCH_USER_PATHS = NO;
				CLANG_CXX_LANGUAGE_STANDARD = "gnu++0x";
				CLANG_CXX_LIBRARY = "libc++";
				CLANG_ENABLE_MODULES = YES;
				CLANG_ENABLE_OBJC_ARC = YES;
				CLANG_WARN_BOOL_CONVERSION = YES;
				CLANG_WARN_CONSTANT_CONVERSION = YES;
				CLANG_WARN_DIRECT_OBJC_ISA_USAGE = YES_ERROR;
				CLANG_WARN_EMPTY_BODY = YES;
				CLANG_WARN_ENUM_CONVERSION = YES;
				CLANG_WARN_INT_CONVERSION = YES;
				CLANG_WARN_OBJC_ROOT_CLASS = YES_ERROR;
				CLANG_WARN__DUPLICATE_METHOD_MATCH = YES;
				"CODE_SIGN_IDENTITY[sdk=iphoneos*]" = "iPhone Developer";
				COPY_PHASE_STRIP = YES;
				ENABLE_NS_ASSERTIONS = NO;
				GCC_C_LANGUAGE_STANDARD = gnu99;
				GCC_WARN_64_TO_32_BIT_CONVERSION = YES;
				GCC_WARN_ABOUT_RETURN_TYPE = YES_ERROR;
				GCC_WARN_UNDECLARED_SELECTOR = YES;
				GCC_WARN_UNINITIALIZED_AUTOS = YES_AGGRESSIVE;
				GCC_WARN_UNUSED_FUNCTION = YES;
				GCC_WARN_UNUSED_VARIABLE = YES;
				IPHONEOS_DEPLOYMENT_TARGET = 7.1;
				SDKROOT = iphoneos;
				VALIDATE_PRODUCT = YES;
			};
			name = Release;
		};
		978EA7251903A7C100651DD3 /* Debug */ = {
			isa = XCBuildConfiguration;
			baseConfigurationReference = 9E492A9B1EED460FADABB6EA /* Pods.xcconfig */;
			buildSettings = {
				ASSETCATALOG_COMPILER_APPICON_NAME = AppIcon;
				ASSETCATALOG_COMPILER_LAUNCHIMAGE_NAME = LaunchImage;
				GCC_PRECOMPILE_PREFIX_HEADER = YES;
				GCC_PREFIX_HEADER = "gymmy-ios/gymmy-ios-Prefix.pch";
				INFOPLIST_FILE = "gymmy-ios/gymmy-ios-Info.plist";
				OTHER_CFLAGS = (
					"$(inherited)",
					"-isystem",
					"\"${PODS_ROOT}/Headers\"",
					"-isystem",
					"\"${PODS_ROOT}/Headers/OCHamcrest\"",
					"-isystem",
					"\"${PODS_ROOT}/Headers/ReactiveCocoa\"",
					"-isystem",
					"\"${PODS_ROOT}/Headers/ReactiveCocoa/ReactiveCocoa\"",
					"-Wall",
					"-Wextra",
					"-Wno-unused-parameter",
				);
				PRODUCT_NAME = "$(TARGET_NAME)";
				WRAPPER_EXTENSION = app;
			};
			name = Debug;
		};
		978EA7261903A7C100651DD3 /* Release */ = {
			isa = XCBuildConfiguration;
			baseConfigurationReference = 9E492A9B1EED460FADABB6EA /* Pods.xcconfig */;
			buildSettings = {
				ASSETCATALOG_COMPILER_APPICON_NAME = AppIcon;
				ASSETCATALOG_COMPILER_LAUNCHIMAGE_NAME = LaunchImage;
				GCC_PRECOMPILE_PREFIX_HEADER = YES;
				GCC_PREFIX_HEADER = "gymmy-ios/gymmy-ios-Prefix.pch";
				INFOPLIST_FILE = "gymmy-ios/gymmy-ios-Info.plist";
				OTHER_CFLAGS = (
					"$(inherited)",
					"-isystem",
					"\"${PODS_ROOT}/Headers\"",
					"-isystem",
					"\"${PODS_ROOT}/Headers/OCHamcrest\"",
					"-isystem",
					"\"${PODS_ROOT}/Headers/ReactiveCocoa\"",
					"-isystem",
					"\"${PODS_ROOT}/Headers/ReactiveCocoa/ReactiveCocoa\"",
					"-Wall",
					"-Wextra",
					"-Wno-unused-parameter",
				);
				PRODUCT_NAME = "$(TARGET_NAME)";
				WRAPPER_EXTENSION = app;
			};
			name = Release;
		};
		978EA7281903A7C100651DD3 /* Debug */ = {
			isa = XCBuildConfiguration;
			baseConfigurationReference = EDEFCDCF308D45AA949758CB /* Pods-gymmy-iosTests.xcconfig */;
			buildSettings = {
				BUNDLE_LOADER = "$(BUILT_PRODUCTS_DIR)/gymmy-ios.app/gymmy-ios";
				FRAMEWORK_SEARCH_PATHS = (
					"$(SDKROOT)/Developer/Library/Frameworks",
					"$(inherited)",
					"$(DEVELOPER_FRAMEWORKS_DIR)",
				);
				GCC_PRECOMPILE_PREFIX_HEADER = YES;
				GCC_PREFIX_HEADER = "gymmy-ios/gymmy-ios-Prefix.pch";
				GCC_PREPROCESSOR_DEFINITIONS = (
					"DEBUG=1",
					"$(inherited)",
				);
				INFOPLIST_FILE = "gymmy-iosTests/gymmy-iosTests-Info.plist";
				PRODUCT_NAME = "$(TARGET_NAME)";
				TEST_HOST = "$(BUNDLE_LOADER)";
				WRAPPER_EXTENSION = xctest;
			};
			name = Debug;
		};
		978EA7291903A7C100651DD3 /* Release */ = {
			isa = XCBuildConfiguration;
			baseConfigurationReference = EDEFCDCF308D45AA949758CB /* Pods-gymmy-iosTests.xcconfig */;
			buildSettings = {
				BUNDLE_LOADER = "$(BUILT_PRODUCTS_DIR)/gymmy-ios.app/gymmy-ios";
				FRAMEWORK_SEARCH_PATHS = (
					"$(SDKROOT)/Developer/Library/Frameworks",
					"$(inherited)",
					"$(DEVELOPER_FRAMEWORKS_DIR)",
				);
				GCC_PRECOMPILE_PREFIX_HEADER = YES;
				GCC_PREFIX_HEADER = "gymmy-ios/gymmy-ios-Prefix.pch";
				INFOPLIST_FILE = "gymmy-iosTests/gymmy-iosTests-Info.plist";
				PRODUCT_NAME = "$(TARGET_NAME)";
				TEST_HOST = "$(BUNDLE_LOADER)";
				WRAPPER_EXTENSION = xctest;
			};
			name = Release;
		};
/* End XCBuildConfiguration section */

/* Begin XCConfigurationList section */
		978EA6F31903A7C100651DD3 /* Build configuration list for PBXProject "gymmy-ios" */ = {
			isa = XCConfigurationList;
			buildConfigurations = (
				978EA7221903A7C100651DD3 /* Debug */,
				978EA7231903A7C100651DD3 /* Release */,
			);
			defaultConfigurationIsVisible = 0;
			defaultConfigurationName = Release;
		};
		978EA7241903A7C100651DD3 /* Build configuration list for PBXNativeTarget "gymmy-ios" */ = {
			isa = XCConfigurationList;
			buildConfigurations = (
				978EA7251903A7C100651DD3 /* Debug */,
				978EA7261903A7C100651DD3 /* Release */,
			);
			defaultConfigurationIsVisible = 0;
			defaultConfigurationName = Release;
		};
		978EA7271903A7C100651DD3 /* Build configuration list for PBXNativeTarget "gymmy-iosTests" */ = {
			isa = XCConfigurationList;
			buildConfigurations = (
				978EA7281903A7C100651DD3 /* Debug */,
				978EA7291903A7C100651DD3 /* Release */,
			);
			defaultConfigurationIsVisible = 0;
			defaultConfigurationName = Release;
		};
/* End XCConfigurationList section */
	};
	rootObject = 978EA6F01903A7C100651DD3 /* Project object */;
}
