<?xml version="1.0" encoding="UTF-8"?>
<Scheme
   version = "1.3">
   <BuildAction>
      <BuildActionEntries>
         <BuildActionEntry
            buildForRunning = "YES">
            <BuildableReference
               BuildableIdentifier = "primary"
               BlueprintIdentifier = "978EA6F71903A7C100651DD3"
               BuildableName = "gymmy-ios.app"
               BlueprintName = "gymmy-ios"
               ReferencedContainer = "container:gymmy-ios.xcodeproj">
            </BuildableReference>
         </BuildActionEntry>
      </BuildActionEntries>
   </BuildAction>
   <LaunchAction
      useCustomWorkingDirectory = "NO"
      buildConfiguration = "Debug">
      <BuildableProductRunnable>
         <BuildableReference
            BuildableIdentifier = "primary"
            BlueprintIdentifier = "978EA6F71903A7C100651DD3"
            BuildableName = "gymmy-ios.app"
            BlueprintName = "gymmy-ios"
            ReferencedContainer = "container:gymmy-ios.xcodeproj">
         </BuildableReference>
      </BuildableProductRunnable>
   </LaunchAction>
</Scheme>
